// !$*UTF8*$!
{
	archiveVersion = 1;
	classes = {
	};
	objectVersion = 46;
	objects = {

/* Begin PBXBuildFile section */
		C25734791BEC4DE50080B996 /* AppDelegate.swift in Sources */ = {isa = PBXBuildFile; fileRef = C25734781BEC4DE50080B996 /* AppDelegate.swift */; };
		C257347E1BEC4DE50080B996 /* Main.storyboard in Resources */ = {isa = PBXBuildFile; fileRef = C257347C1BEC4DE50080B996 /* Main.storyboard */; };
		C25734801BEC4DE50080B996 /* Assets.xcassets in Resources */ = {isa = PBXBuildFile; fileRef = C257347F1BEC4DE50080B996 /* Assets.xcassets */; };
		C257348B1BEC4DE50080B996 /* HerschelTests.swift in Sources */ = {isa = PBXBuildFile; fileRef = C257348A1BEC4DE50080B996 /* HerschelTests.swift */; };
		C25734961BEC4DE50080B996 /* HerschelUITests.swift in Sources */ = {isa = PBXBuildFile; fileRef = C25734951BEC4DE50080B996 /* HerschelUITests.swift */; };
		C25734B81BEC4E0A0080B996 /* 1.json in Resources */ = {isa = PBXBuildFile; fileRef = C25734A51BEC4E0A0080B996 /* 1.json */; };
		C25734B91BEC4E0A0080B996 /* 2.json in Resources */ = {isa = PBXBuildFile; fileRef = C25734A61BEC4E0A0080B996 /* 2.json */; };
		C25734BA1BEC4E0A0080B996 /* 3.json in Resources */ = {isa = PBXBuildFile; fileRef = C25734A71BEC4E0A0080B996 /* 3.json */; };
		C25734BB1BEC4E0A0080B996 /* 4.json in Resources */ = {isa = PBXBuildFile; fileRef = C25734A81BEC4E0A0080B996 /* 4.json */; };
		C25734BC1BEC4E0A0080B996 /* 5.json in Resources */ = {isa = PBXBuildFile; fileRef = C25734A91BEC4E0A0080B996 /* 5.json */; };
		C25734BD1BEC4E0A0080B996 /* 6.json in Resources */ = {isa = PBXBuildFile; fileRef = C25734AA1BEC4E0A0080B996 /* 6.json */; };
		C25734BE1BEC4E0A0080B996 /* 7.json in Resources */ = {isa = PBXBuildFile; fileRef = C25734AB1BEC4E0A0080B996 /* 7.json */; };
		C25734BF1BEC4E0A0080B996 /* 8.json in Resources */ = {isa = PBXBuildFile; fileRef = C25734AC1BEC4E0A0080B996 /* 8.json */; };
		C25734C01BEC4E0A0080B996 /* 9.json in Resources */ = {isa = PBXBuildFile; fileRef = C25734AD1BEC4E0A0080B996 /* 9.json */; };
		C25734C11BEC4E0A0080B996 /* 10.json in Resources */ = {isa = PBXBuildFile; fileRef = C25734AE1BEC4E0A0080B996 /* 10.json */; };
		C25734C21BEC4E0A0080B996 /* 11.json in Resources */ = {isa = PBXBuildFile; fileRef = C25734AF1BEC4E0A0080B996 /* 11.json */; };
		C25734C31BEC4E0A0080B996 /* 12.json in Resources */ = {isa = PBXBuildFile; fileRef = C25734B01BEC4E0A0080B996 /* 12.json */; };
		C25734C41BEC4E0A0080B996 /* 13.json in Resources */ = {isa = PBXBuildFile; fileRef = C25734B11BEC4E0A0080B996 /* 13.json */; };
		C25734C51BEC4E0A0080B996 /* 14.json in Resources */ = {isa = PBXBuildFile; fileRef = C25734B21BEC4E0A0080B996 /* 14.json */; };
		C25734C61BEC4E0A0080B996 /* 15.json in Resources */ = {isa = PBXBuildFile; fileRef = C25734B31BEC4E0A0080B996 /* 15.json */; };
		C25734C71BEC4E0A0080B996 /* 16.json in Resources */ = {isa = PBXBuildFile; fileRef = C25734B41BEC4E0A0080B996 /* 16.json */; };
		C25734C81BEC4E0A0080B996 /* 17.json in Resources */ = {isa = PBXBuildFile; fileRef = C25734B51BEC4E0A0080B996 /* 17.json */; };
		C25734C91BEC4E0A0080B996 /* 18.json in Resources */ = {isa = PBXBuildFile; fileRef = C25734B61BEC4E0A0080B996 /* 18.json */; };
		C25734CA1BEC4E0A0080B996 /* 19.json in Resources */ = {isa = PBXBuildFile; fileRef = C25734B71BEC4E0A0080B996 /* 19.json */; };
		C25734DF1BEC4EC20080B996 /* ATKShared.framework in Frameworks */ = {isa = PBXBuildFile; fileRef = C25734D41BEC4E9E0080B996 /* ATKShared.framework */; };
		C25734E31BEC4EEE0080B996 /* ATKShared.framework in Copy Frameworks */ = {isa = PBXBuildFile; fileRef = C25734D41BEC4E9E0080B996 /* ATKShared.framework */; settings = {ATTRIBUTES = (CodeSignOnCopy, RemoveHeadersOnCopy, ); }; };
		C25734E81BEC50850080B996 /* PhotosCollectionViewController.swift in Sources */ = {isa = PBXBuildFile; fileRef = C25734E71BEC50850080B996 /* PhotosCollectionViewController.swift */; };
		C25734EB1BEC50AC0080B996 /* PhotoCell.swift in Sources */ = {isa = PBXBuildFile; fileRef = C25734E91BEC50AC0080B996 /* PhotoCell.swift */; };
		C25734EE1BEC50B80080B996 /* PhotoSearchService.swift in Sources */ = {isa = PBXBuildFile; fileRef = C25734ED1BEC50B80080B996 /* PhotoSearchService.swift */; };
		C25734F21BEC55490080B996 /* ATKSharedUIKit.framework in Frameworks */ = {isa = PBXBuildFile; fileRef = C25734D81BEC4E9E0080B996 /* ATKSharedUIKit.framework */; };
		C25734F31BEC55500080B996 /* ATKSharedUIKit.framework in Copy Frameworks */ = {isa = PBXBuildFile; fileRef = C25734D81BEC4E9E0080B996 /* ATKSharedUIKit.framework */; settings = {ATTRIBUTES = (CodeSignOnCopy, RemoveHeadersOnCopy, ); }; };
		C25734F61BEE9EB30080B996 /* PhotoPageViewController.swift in Sources */ = {isa = PBXBuildFile; fileRef = C25734F51BEE9EB30080B996 /* PhotoPageViewController.swift */; };
		C25734FA1BEEA01A0080B996 /* FullScreenPhotoViewController.swift in Sources */ = {isa = PBXBuildFile; fileRef = C25734F91BEEA01A0080B996 /* FullScreenPhotoViewController.swift */; };
/* End PBXBuildFile section */

/* Begin PBXContainerItemProxy section */
		C25734871BEC4DE50080B996 /* PBXContainerItemProxy */ = {
			isa = PBXContainerItemProxy;
			containerPortal = C257346D1BEC4DE50080B996 /* Project object */;
			proxyType = 1;
			remoteGlobalIDString = C25734741BEC4DE50080B996;
			remoteInfo = Herschel;
		};
		C25734921BEC4DE50080B996 /* PBXContainerItemProxy */ = {
			isa = PBXContainerItemProxy;
			containerPortal = C257346D1BEC4DE50080B996 /* Project object */;
			proxyType = 1;
			remoteGlobalIDString = C25734741BEC4DE50080B996;
			remoteInfo = Herschel;
		};
		C25734D31BEC4E9E0080B996 /* PBXContainerItemProxy */ = {
			isa = PBXContainerItemProxy;
			containerPortal = C25734CC1BEC4E9E0080B996 /* ATKShared.xcodeproj */;
			proxyType = 2;
			remoteGlobalIDString = C28BBF6A1BB3630B00A0443C;
			remoteInfo = ATKShared;
		};
		C25734D51BEC4E9E0080B996 /* PBXContainerItemProxy */ = {
			isa = PBXContainerItemProxy;
			containerPortal = C25734CC1BEC4E9E0080B996 /* ATKShared.xcodeproj */;
			proxyType = 2;
			remoteGlobalIDString = C28BBF741BB3630B00A0443C;
			remoteInfo = ATKSharedTests;
		};
		C25734D71BEC4E9E0080B996 /* PBXContainerItemProxy */ = {
			isa = PBXContainerItemProxy;
			containerPortal = C25734CC1BEC4E9E0080B996 /* ATKShared.xcodeproj */;
			proxyType = 2;
			remoteGlobalIDString = C24BEF3C1BB37920004AAC33;
			remoteInfo = ATKSharedUIKit;
		};
		C25734D91BEC4E9E0080B996 /* PBXContainerItemProxy */ = {
			isa = PBXContainerItemProxy;
			containerPortal = C25734CC1BEC4E9E0080B996 /* ATKShared.xcodeproj */;
			proxyType = 2;
			remoteGlobalIDString = C24BEF451BB37920004AAC33;
			remoteInfo = ATKSharedUIKitTests;
		};
		C25734DB1BEC4EB90080B996 /* PBXContainerItemProxy */ = {
			isa = PBXContainerItemProxy;
			containerPortal = C25734CC1BEC4E9E0080B996 /* ATKShared.xcodeproj */;
			proxyType = 1;
			remoteGlobalIDString = C28BBF691BB3630B00A0443C;
			remoteInfo = ATKShared;
		};
		C25734F01BEC55440080B996 /* PBXContainerItemProxy */ = {
			isa = PBXContainerItemProxy;
			containerPortal = C25734CC1BEC4E9E0080B996 /* ATKShared.xcodeproj */;
			proxyType = 1;
			remoteGlobalIDString = C24BEF3B1BB37920004AAC33;
			remoteInfo = ATKSharedUIKit;
		};
/* End PBXContainerItemProxy section */

/* Begin PBXCopyFilesBuildPhase section */
		C25734E11BEC4EDC0080B996 /* Copy Frameworks */ = {
			isa = PBXCopyFilesBuildPhase;
			buildActionMask = 2147483647;
			dstPath = "";
			dstSubfolderSpec = 10;
			files = (
				C25734F31BEC55500080B996 /* ATKSharedUIKit.framework in Copy Frameworks */,
				C25734E31BEC4EEE0080B996 /* ATKShared.framework in Copy Frameworks */,
			);
			name = "Copy Frameworks";
			runOnlyForDeploymentPostprocessing = 0;
		};
/* End PBXCopyFilesBuildPhase section */

/* Begin PBXFileReference section */
		C25734751BEC4DE50080B996 /* Herschel.app */ = {isa = PBXFileReference; explicitFileType = wrapper.application; includeInIndex = 0; path = Herschel.app; sourceTree = BUILT_PRODUCTS_DIR; };
		C25734781BEC4DE50080B996 /* AppDelegate.swift */ = {isa = PBXFileReference; lastKnownFileType = sourcecode.swift; path = AppDelegate.swift; sourceTree = "<group>"; };
		C257347D1BEC4DE50080B996 /* Base */ = {isa = PBXFileReference; lastKnownFileType = file.storyboard; name = Base; path = Base.lproj/Main.storyboard; sourceTree = "<group>"; };
		C257347F1BEC4DE50080B996 /* Assets.xcassets */ = {isa = PBXFileReference; lastKnownFileType = folder.assetcatalog; path = Assets.xcassets; sourceTree = "<group>"; };
		C25734811BEC4DE50080B996 /* Info.plist */ = {isa = PBXFileReference; lastKnownFileType = text.plist.xml; path = Info.plist; sourceTree = "<group>"; };
		C25734861BEC4DE50080B996 /* Herschel.xctest */ = {isa = PBXFileReference; explicitFileType = wrapper.cfbundle; includeInIndex = 0; path = Herschel.xctest; sourceTree = BUILT_PRODUCTS_DIR; };
		C257348A1BEC4DE50080B996 /* HerschelTests.swift */ = {isa = PBXFileReference; lastKnownFileType = sourcecode.swift; path = HerschelTests.swift; sourceTree = "<group>"; };
		C257348C1BEC4DE50080B996 /* Info.plist */ = {isa = PBXFileReference; lastKnownFileType = text.plist.xml; path = Info.plist; sourceTree = "<group>"; };
		C25734911BEC4DE50080B996 /* Herschel.xctest */ = {isa = PBXFileReference; explicitFileType = wrapper.cfbundle; includeInIndex = 0; path = Herschel.xctest; sourceTree = BUILT_PRODUCTS_DIR; };
		C25734951BEC4DE50080B996 /* HerschelUITests.swift */ = {isa = PBXFileReference; lastKnownFileType = sourcecode.swift; path = HerschelUITests.swift; sourceTree = "<group>"; };
		C25734971BEC4DE50080B996 /* Info.plist */ = {isa = PBXFileReference; lastKnownFileType = text.plist.xml; path = Info.plist; sourceTree = "<group>"; };
		C25734A51BEC4E0A0080B996 /* 1.json */ = {isa = PBXFileReference; fileEncoding = 4; lastKnownFileType = text.json; path = 1.json; sourceTree = "<group>"; };
		C25734A61BEC4E0A0080B996 /* 2.json */ = {isa = PBXFileReference; fileEncoding = 4; lastKnownFileType = text.json; path = 2.json; sourceTree = "<group>"; };
		C25734A71BEC4E0A0080B996 /* 3.json */ = {isa = PBXFileReference; fileEncoding = 4; lastKnownFileType = text.json; path = 3.json; sourceTree = "<group>"; };
		C25734A81BEC4E0A0080B996 /* 4.json */ = {isa = PBXFileReference; fileEncoding = 4; lastKnownFileType = text.json; path = 4.json; sourceTree = "<group>"; };
		C25734A91BEC4E0A0080B996 /* 5.json */ = {isa = PBXFileReference; fileEncoding = 4; lastKnownFileType = text.json; path = 5.json; sourceTree = "<group>"; };
		C25734AA1BEC4E0A0080B996 /* 6.json */ = {isa = PBXFileReference; fileEncoding = 4; lastKnownFileType = text.json; path = 6.json; sourceTree = "<group>"; };
		C25734AB1BEC4E0A0080B996 /* 7.json */ = {isa = PBXFileReference; fileEncoding = 4; lastKnownFileType = text.json; path = 7.json; sourceTree = "<group>"; };
		C25734AC1BEC4E0A0080B996 /* 8.json */ = {isa = PBXFileReference; fileEncoding = 4; lastKnownFileType = text.json; path = 8.json; sourceTree = "<group>"; };
		C25734AD1BEC4E0A0080B996 /* 9.json */ = {isa = PBXFileReference; fileEncoding = 4; lastKnownFileType = text.json; path = 9.json; sourceTree = "<group>"; };
		C25734AE1BEC4E0A0080B996 /* 10.json */ = {isa = PBXFileReference; fileEncoding = 4; lastKnownFileType = text.json; path = 10.json; sourceTree = "<group>"; };
		C25734AF1BEC4E0A0080B996 /* 11.json */ = {isa = PBXFileReference; fileEncoding = 4; lastKnownFileType = text.json; path = 11.json; sourceTree = "<group>"; };
		C25734B01BEC4E0A0080B996 /* 12.json */ = {isa = PBXFileReference; fileEncoding = 4; lastKnownFileType = text.json; path = 12.json; sourceTree = "<group>"; };
		C25734B11BEC4E0A0080B996 /* 13.json */ = {isa = PBXFileReference; fileEncoding = 4; lastKnownFileType = text.json; path = 13.json; sourceTree = "<group>"; };
		C25734B21BEC4E0A0080B996 /* 14.json */ = {isa = PBXFileReference; fileEncoding = 4; lastKnownFileType = text.json; path = 14.json; sourceTree = "<group>"; };
		C25734B31BEC4E0A0080B996 /* 15.json */ = {isa = PBXFileReference; fileEncoding = 4; lastKnownFileType = text.json; path = 15.json; sourceTree = "<group>"; };
		C25734B41BEC4E0A0080B996 /* 16.json */ = {isa = PBXFileReference; fileEncoding = 4; lastKnownFileType = text.json; path = 16.json; sourceTree = "<group>"; };
		C25734B51BEC4E0A0080B996 /* 17.json */ = {isa = PBXFileReference; fileEncoding = 4; lastKnownFileType = text.json; path = 17.json; sourceTree = "<group>"; };
		C25734B61BEC4E0A0080B996 /* 18.json */ = {isa = PBXFileReference; fileEncoding = 4; lastKnownFileType = text.json; path = 18.json; sourceTree = "<group>"; };
		C25734B71BEC4E0A0080B996 /* 19.json */ = {isa = PBXFileReference; fileEncoding = 4; lastKnownFileType = text.json; path = 19.json; sourceTree = "<group>"; };
		C25734CC1BEC4E9E0080B996 /* ATKShared.xcodeproj */ = {isa = PBXFileReference; lastKnownFileType = "wrapper.pb-project"; name = ATKShared.xcodeproj; path = submodules/ATKShared/ATKShared.xcodeproj; sourceTree = "<group>"; };
		C25734E71BEC50850080B996 /* PhotosCollectionViewController.swift */ = {isa = PBXFileReference; fileEncoding = 4; lastKnownFileType = sourcecode.swift; path = PhotosCollectionViewController.swift; sourceTree = "<group>"; };
		C25734E91BEC50AC0080B996 /* PhotoCell.swift */ = {isa = PBXFileReference; fileEncoding = 4; lastKnownFileType = sourcecode.swift; path = PhotoCell.swift; sourceTree = "<group>"; };
		C25734ED1BEC50B80080B996 /* PhotoSearchService.swift */ = {isa = PBXFileReference; fileEncoding = 4; lastKnownFileType = sourcecode.swift; path = PhotoSearchService.swift; sourceTree = "<group>"; };
		C25734F51BEE9EB30080B996 /* PhotoPageViewController.swift */ = {isa = PBXFileReference; fileEncoding = 4; lastKnownFileType = sourcecode.swift; path = PhotoPageViewController.swift; sourceTree = "<group>"; };
		C25734F91BEEA01A0080B996 /* FullScreenPhotoViewController.swift */ = {isa = PBXFileReference; fileEncoding = 4; lastKnownFileType = sourcecode.swift; path = FullScreenPhotoViewController.swift; sourceTree = "<group>"; };
/* End PBXFileReference section */

/* Begin PBXFrameworksBuildPhase section */
		C25734721BEC4DE50080B996 /* Frameworks */ = {
			isa = PBXFrameworksBuildPhase;
			buildActionMask = 2147483647;
			files = (
				C25734F21BEC55490080B996 /* ATKSharedUIKit.framework in Frameworks */,
				C25734DF1BEC4EC20080B996 /* ATKShared.framework in Frameworks */,
			);
			runOnlyForDeploymentPostprocessing = 0;
		};
		C25734831BEC4DE50080B996 /* Frameworks */ = {
			isa = PBXFrameworksBuildPhase;
			buildActionMask = 2147483647;
			files = (
			);
			runOnlyForDeploymentPostprocessing = 0;
		};
		C257348E1BEC4DE50080B996 /* Frameworks */ = {
			isa = PBXFrameworksBuildPhase;
			buildActionMask = 2147483647;
			files = (
			);
			runOnlyForDeploymentPostprocessing = 0;
		};
/* End PBXFrameworksBuildPhase section */

/* Begin PBXGroup section */
		C257346C1BEC4DE50080B996 = {
			isa = PBXGroup;
			children = (
				C25734771BEC4DE50080B996 /* Herschel */,
				C25734891BEC4DE50080B996 /* HerschelTests */,
				C25734941BEC4DE50080B996 /* HerschelUITests */,
				C25734761BEC4DE50080B996 /* Products */,
				C25734CB1BEC4E920080B996 /* Frameworks */,
			);
			sourceTree = "<group>";
		};
		C25734761BEC4DE50080B996 /* Products */ = {
			isa = PBXGroup;
			children = (
				C25734751BEC4DE50080B996 /* Herschel.app */,
				C25734861BEC4DE50080B996 /* Herschel.xctest */,
				C25734911BEC4DE50080B996 /* Herschel.xctest */,
			);
			name = Products;
			sourceTree = "<group>";
		};
		C25734771BEC4DE50080B996 /* Herschel */ = {
			isa = PBXGroup;
			children = (
				C25734781BEC4DE50080B996 /* AppDelegate.swift */,
				C25734E41BEC4F080080B996 /* Interface */,
				C25734EF1BEC50BF0080B996 /* Services */,
				C25734A31BEC4DF40080B996 /* Resources */,
			);
			path = Herschel;
			sourceTree = "<group>";
		};
		C25734891BEC4DE50080B996 /* HerschelTests */ = {
			isa = PBXGroup;
			children = (
				C257348A1BEC4DE50080B996 /* HerschelTests.swift */,
				C257348C1BEC4DE50080B996 /* Info.plist */,
			);
			path = HerschelTests;
			sourceTree = "<group>";
		};
		C25734941BEC4DE50080B996 /* HerschelUITests */ = {
			isa = PBXGroup;
			children = (
				C25734951BEC4DE50080B996 /* HerschelUITests.swift */,
				C25734971BEC4DE50080B996 /* Info.plist */,
			);
			path = HerschelUITests;
			sourceTree = "<group>";
		};
		C25734A31BEC4DF40080B996 /* Resources */ = {
			isa = PBXGroup;
			children = (
				C257347F1BEC4DE50080B996 /* Assets.xcassets */,
				C25734811BEC4DE50080B996 /* Info.plist */,
				C25734A41BEC4DFD0080B996 /* Unsplash Photos */,
			);
			name = Resources;
			sourceTree = "<group>";
		};
		C25734A41BEC4DFD0080B996 /* Unsplash Photos */ = {
			isa = PBXGroup;
			children = (
				C25734A51BEC4E0A0080B996 /* 1.json */,
				C25734A61BEC4E0A0080B996 /* 2.json */,
				C25734A71BEC4E0A0080B996 /* 3.json */,
				C25734A81BEC4E0A0080B996 /* 4.json */,
				C25734A91BEC4E0A0080B996 /* 5.json */,
				C25734AA1BEC4E0A0080B996 /* 6.json */,
				C25734AB1BEC4E0A0080B996 /* 7.json */,
				C25734AC1BEC4E0A0080B996 /* 8.json */,
				C25734AD1BEC4E0A0080B996 /* 9.json */,
				C25734AE1BEC4E0A0080B996 /* 10.json */,
				C25734AF1BEC4E0A0080B996 /* 11.json */,
				C25734B01BEC4E0A0080B996 /* 12.json */,
				C25734B11BEC4E0A0080B996 /* 13.json */,
				C25734B21BEC4E0A0080B996 /* 14.json */,
				C25734B31BEC4E0A0080B996 /* 15.json */,
				C25734B41BEC4E0A0080B996 /* 16.json */,
				C25734B51BEC4E0A0080B996 /* 17.json */,
				C25734B61BEC4E0A0080B996 /* 18.json */,
				C25734B71BEC4E0A0080B996 /* 19.json */,
			);
			name = "Unsplash Photos";
			sourceTree = "<group>";
		};
		C25734CB1BEC4E920080B996 /* Frameworks */ = {
			isa = PBXGroup;
			children = (
				C25734CC1BEC4E9E0080B996 /* ATKShared.xcodeproj */,
			);
			name = Frameworks;
			sourceTree = "<group>";
		};
		C25734CD1BEC4E9E0080B996 /* Products */ = {
			isa = PBXGroup;
			children = (
				C25734D41BEC4E9E0080B996 /* ATKShared.framework */,
				C25734D61BEC4E9E0080B996 /* ATKSharedTests.xctest */,
				C25734D81BEC4E9E0080B996 /* ATKSharedUIKit.framework */,
				C25734DA1BEC4E9E0080B996 /* ATKSharedUIKitTests.xctest */,
			);
			name = Products;
			sourceTree = "<group>";
		};
		C25734E41BEC4F080080B996 /* Interface */ = {
			isa = PBXGroup;
			children = (
				C257347C1BEC4DE50080B996 /* Main.storyboard */,
				C25734E71BEC50850080B996 /* PhotosCollectionViewController.swift */,
				C25734F51BEE9EB30080B996 /* PhotoPageViewController.swift */,
				C25734F91BEEA01A0080B996 /* FullScreenPhotoViewController.swift */,
				C29837251BF7DBE90014E63D /* Cells */,
			);
			name = Interface;
			sourceTree = "<group>";
		};
		C25734EF1BEC50BF0080B996 /* Services */ = {
			isa = PBXGroup;
			children = (
				C25734ED1BEC50B80080B996 /* PhotoSearchService.swift */,
			);
			name = Services;
			sourceTree = "<group>";
		};
		C29837251BF7DBE90014E63D /* Cells */ = {
			isa = PBXGroup;
			children = (
				C25734E91BEC50AC0080B996 /* PhotoCell.swift */,
			);
			name = Cells;
			sourceTree = "<group>";
		};
/* End PBXGroup section */

/* Begin PBXNativeTarget section */
		C25734741BEC4DE50080B996 /* Herschel */ = {
			isa = PBXNativeTarget;
			buildConfigurationList = C257349A1BEC4DE50080B996 /* Build configuration list for PBXNativeTarget "Herschel" */;
			buildPhases = (
				C25734711BEC4DE50080B996 /* Sources */,
				C25734721BEC4DE50080B996 /* Frameworks */,
				C25734731BEC4DE50080B996 /* Resources */,
				C25734E11BEC4EDC0080B996 /* Copy Frameworks */,
			);
			buildRules = (
			);
			dependencies = (
				C25734F11BEC55440080B996 /* PBXTargetDependency */,
				C25734DC1BEC4EB90080B996 /* PBXTargetDependency */,
			);
			name = Herschel;
			productName = Herschel;
			productReference = C25734751BEC4DE50080B996 /* Herschel.app */;
			productType = "com.apple.product-type.application";
		};
		C25734851BEC4DE50080B996 /* HerschelTests */ = {
			isa = PBXNativeTarget;
			buildConfigurationList = C257349D1BEC4DE50080B996 /* Build configuration list for PBXNativeTarget "HerschelTests" */;
			buildPhases = (
				C25734821BEC4DE50080B996 /* Sources */,
				C25734831BEC4DE50080B996 /* Frameworks */,
				C25734841BEC4DE50080B996 /* Resources */,
			);
			buildRules = (
			);
			dependencies = (
				C25734881BEC4DE50080B996 /* PBXTargetDependency */,
			);
			name = HerschelTests;
			productName = HerschelTests;
			productReference = C25734861BEC4DE50080B996 /* Herschel.xctest */;
			productType = "com.apple.product-type.bundle.unit-test";
		};
		C25734901BEC4DE50080B996 /* HerschelUITests */ = {
			isa = PBXNativeTarget;
			buildConfigurationList = C25734A01BEC4DE50080B996 /* Build configuration list for PBXNativeTarget "HerschelUITests" */;
			buildPhases = (
				C257348D1BEC4DE50080B996 /* Sources */,
				C257348E1BEC4DE50080B996 /* Frameworks */,
				C257348F1BEC4DE50080B996 /* Resources */,
			);
			buildRules = (
			);
			dependencies = (
				C25734931BEC4DE50080B996 /* PBXTargetDependency */,
			);
			name = HerschelUITests;
			productName = HerschelUITests;
			productReference = C25734911BEC4DE50080B996 /* Herschel.xctest */;
			productType = "com.apple.product-type.bundle.ui-testing";
		};
/* End PBXNativeTarget section */

/* Begin PBXProject section */
		C257346D1BEC4DE50080B996 /* Project object */ = {
			isa = PBXProject;
			attributes = {
				LastSwiftUpdateCheck = 0710;
				LastUpgradeCheck = 0710;
				ORGANIZATIONNAME = "Adam Kirk";
				TargetAttributes = {
					C25734741BEC4DE50080B996 = {
						CreatedOnToolsVersion = 7.1;
						DevelopmentTeam = 8KEA7736VV;
					};
					C25734851BEC4DE50080B996 = {
						CreatedOnToolsVersion = 7.1;
						TestTargetID = C25734741BEC4DE50080B996;
					};
					C25734901BEC4DE50080B996 = {
						CreatedOnToolsVersion = 7.1;
						TestTargetID = C25734741BEC4DE50080B996;
					};
				};
			};
			buildConfigurationList = C25734701BEC4DE50080B996 /* Build configuration list for PBXProject "Herschel" */;
			compatibilityVersion = "Xcode 3.2";
			developmentRegion = English;
			hasScannedForEncodings = 0;
			knownRegions = (
				en,
				Base,
			);
			mainGroup = C257346C1BEC4DE50080B996;
			productRefGroup = C25734761BEC4DE50080B996 /* Products */;
			projectDirPath = "";
			projectReferences = (
				{
					ProductGroup = C25734CD1BEC4E9E0080B996 /* Products */;
					ProjectRef = C25734CC1BEC4E9E0080B996 /* ATKShared.xcodeproj */;
				},
			);
			projectRoot = "";
			targets = (
				C25734741BEC4DE50080B996 /* Herschel */,
				C25734851BEC4DE50080B996 /* HerschelTests */,
				C25734901BEC4DE50080B996 /* HerschelUITests */,
			);
		};
/* End PBXProject section */

/* Begin PBXReferenceProxy section */
		C25734D41BEC4E9E0080B996 /* ATKShared.framework */ = {
			isa = PBXReferenceProxy;
			fileType = wrapper.framework;
			path = ATKShared.framework;
			remoteRef = C25734D31BEC4E9E0080B996 /* PBXContainerItemProxy */;
			sourceTree = BUILT_PRODUCTS_DIR;
		};
		C25734D61BEC4E9E0080B996 /* ATKSharedTests.xctest */ = {
			isa = PBXReferenceProxy;
			fileType = wrapper.cfbundle;
			path = ATKSharedTests.xctest;
			remoteRef = C25734D51BEC4E9E0080B996 /* PBXContainerItemProxy */;
			sourceTree = BUILT_PRODUCTS_DIR;
		};
		C25734D81BEC4E9E0080B996 /* ATKSharedUIKit.framework */ = {
			isa = PBXReferenceProxy;
			fileType = wrapper.framework;
			path = ATKSharedUIKit.framework;
			remoteRef = C25734D71BEC4E9E0080B996 /* PBXContainerItemProxy */;
			sourceTree = BUILT_PRODUCTS_DIR;
		};
		C25734DA1BEC4E9E0080B996 /* ATKSharedUIKitTests.xctest */ = {
			isa = PBXReferenceProxy;
			fileType = wrapper.cfbundle;
			path = ATKSharedUIKitTests.xctest;
			remoteRef = C25734D91BEC4E9E0080B996 /* PBXContainerItemProxy */;
			sourceTree = BUILT_PRODUCTS_DIR;
		};
/* End PBXReferenceProxy section */

/* Begin PBXResourcesBuildPhase section */
		C25734731BEC4DE50080B996 /* Resources */ = {
			isa = PBXResourcesBuildPhase;
			buildActionMask = 2147483647;
			files = (
				C25734C81BEC4E0A0080B996 /* 17.json in Resources */,
				C25734C21BEC4E0A0080B996 /* 11.json in Resources */,
				C25734C11BEC4E0A0080B996 /* 10.json in Resources */,
				C25734CA1BEC4E0A0080B996 /* 19.json in Resources */,
				C25734C61BEC4E0A0080B996 /* 15.json in Resources */,
				C25734BF1BEC4E0A0080B996 /* 8.json in Resources */,
				C25734BA1BEC4E0A0080B996 /* 3.json in Resources */,
				C25734C51BEC4E0A0080B996 /* 14.json in Resources */,
				C25734BC1BEC4E0A0080B996 /* 5.json in Resources */,
				C25734B91BEC4E0A0080B996 /* 2.json in Resources */,
				C25734C41BEC4E0A0080B996 /* 13.json in Resources */,
				C25734801BEC4DE50080B996 /* Assets.xcassets in Resources */,
				C25734BE1BEC4E0A0080B996 /* 7.json in Resources */,
				C25734BD1BEC4E0A0080B996 /* 6.json in Resources */,
				C25734C71BEC4E0A0080B996 /* 16.json in Resources */,
				C25734C01BEC4E0A0080B996 /* 9.json in Resources */,
				C25734C31BEC4E0A0080B996 /* 12.json in Resources */,
				C25734C91BEC4E0A0080B996 /* 18.json in Resources */,
				C25734B81BEC4E0A0080B996 /* 1.json in Resources */,
				C25734BB1BEC4E0A0080B996 /* 4.json in Resources */,
				C257347E1BEC4DE50080B996 /* Main.storyboard in Resources */,
			);
			runOnlyForDeploymentPostprocessing = 0;
		};
		C25734841BEC4DE50080B996 /* Resources */ = {
			isa = PBXResourcesBuildPhase;
			buildActionMask = 2147483647;
			files = (
			);
			runOnlyForDeploymentPostprocessing = 0;
		};
		C257348F1BEC4DE50080B996 /* Resources */ = {
			isa = PBXResourcesBuildPhase;
			buildActionMask = 2147483647;
			files = (
			);
			runOnlyForDeploymentPostprocessing = 0;
		};
/* End PBXResourcesBuildPhase section */

/* Begin PBXSourcesBuildPhase section */
		C25734711BEC4DE50080B996 /* Sources */ = {
			isa = PBXSourcesBuildPhase;
			buildActionMask = 2147483647;
			files = (
				C25734EE1BEC50B80080B996 /* PhotoSearchService.swift in Sources */,
				C25734EB1BEC50AC0080B996 /* PhotoCell.swift in Sources */,
				C25734F61BEE9EB30080B996 /* PhotoPageViewController.swift in Sources */,
				C25734791BEC4DE50080B996 /* AppDelegate.swift in Sources */,
				C25734FA1BEEA01A0080B996 /* FullScreenPhotoViewController.swift in Sources */,
				C25734E81BEC50850080B996 /* PhotosCollectionViewController.swift in Sources */,
			);
			runOnlyForDeploymentPostprocessing = 0;
		};
		C25734821BEC4DE50080B996 /* Sources */ = {
			isa = PBXSourcesBuildPhase;
			buildActionMask = 2147483647;
			files = (
				C257348B1BEC4DE50080B996 /* HerschelTests.swift in Sources */,
			);
			runOnlyForDeploymentPostprocessing = 0;
		};
		C257348D1BEC4DE50080B996 /* Sources */ = {
			isa = PBXSourcesBuildPhase;
			buildActionMask = 2147483647;
			files = (
				C25734961BEC4DE50080B996 /* HerschelUITests.swift in Sources */,
			);
			runOnlyForDeploymentPostprocessing = 0;
		};
/* End PBXSourcesBuildPhase section */

/* Begin PBXTargetDependency section */
		C25734881BEC4DE50080B996 /* PBXTargetDependency */ = {
			isa = PBXTargetDependency;
			target = C25734741BEC4DE50080B996 /* Herschel */;
			targetProxy = C25734871BEC4DE50080B996 /* PBXContainerItemProxy */;
		};
		C25734931BEC4DE50080B996 /* PBXTargetDependency */ = {
			isa = PBXTargetDependency;
			target = C25734741BEC4DE50080B996 /* Herschel */;
			targetProxy = C25734921BEC4DE50080B996 /* PBXContainerItemProxy */;
		};
		C25734DC1BEC4EB90080B996 /* PBXTargetDependency */ = {
			isa = PBXTargetDependency;
			name = ATKShared;
			targetProxy = C25734DB1BEC4EB90080B996 /* PBXContainerItemProxy */;
		};
		C25734F11BEC55440080B996 /* PBXTargetDependency */ = {
			isa = PBXTargetDependency;
			name = ATKSharedUIKit;
			targetProxy = C25734F01BEC55440080B996 /* PBXContainerItemProxy */;
		};
/* End PBXTargetDependency section */

/* Begin PBXVariantGroup section */
		C257347C1BEC4DE50080B996 /* Main.storyboard */ = {
			isa = PBXVariantGroup;
			children = (
				C257347D1BEC4DE50080B996 /* Base */,
			);
			name = Main.storyboard;
			sourceTree = "<group>";
		};
/* End PBXVariantGroup section */

/* Begin XCBuildConfiguration section */
		C25734981BEC4DE50080B996 /* Debug */ = {
			isa = XCBuildConfiguration;
			buildSettings = {
				ALWAYS_SEARCH_USER_PATHS = NO;
				CLANG_CXX_LANGUAGE_STANDARD = "gnu++0x";
				CLANG_CXX_LIBRARY = "libc++";
				CLANG_ENABLE_MODULES = YES;
				CLANG_ENABLE_OBJC_ARC = YES;
				CLANG_WARN_BOOL_CONVERSION = YES;
				CLANG_WARN_CONSTANT_CONVERSION = YES;
				CLANG_WARN_DIRECT_OBJC_ISA_USAGE = YES_ERROR;
				CLANG_WARN_EMPTY_BODY = YES;
				CLANG_WARN_ENUM_CONVERSION = YES;
				CLANG_WARN_INT_CONVERSION = YES;
				CLANG_WARN_OBJC_ROOT_CLASS = YES_ERROR;
				CLANG_WARN_UNREACHABLE_CODE = YES;
				CLANG_WARN__DUPLICATE_METHOD_MATCH = YES;
				COPY_PHASE_STRIP = NO;
				DEBUG_INFORMATION_FORMAT = dwarf;
				ENABLE_STRICT_OBJC_MSGSEND = YES;
				ENABLE_TESTABILITY = YES;
				GCC_C_LANGUAGE_STANDARD = gnu99;
				GCC_DYNAMIC_NO_PIC = NO;
				GCC_NO_COMMON_BLOCKS = YES;
				GCC_OPTIMIZATION_LEVEL = 0;
				GCC_PREPROCESSOR_DEFINITIONS = (
					"DEBUG=1",
					"$(inherited)",
				);
				GCC_WARN_64_TO_32_BIT_CONVERSION = YES;
				GCC_WARN_ABOUT_RETURN_TYPE = YES_ERROR;
				GCC_WARN_UNDECLARED_SELECTOR = YES;
				GCC_WARN_UNINITIALIZED_AUTOS = YES_AGGRESSIVE;
				GCC_WARN_UNUSED_FUNCTION = YES;
				GCC_WARN_UNUSED_VARIABLE = YES;
				MTL_ENABLE_DEBUG_INFO = YES;
				ONLY_ACTIVE_ARCH = YES;
				SDKROOT = appletvos;
				SWIFT_OPTIMIZATION_LEVEL = "-Onone";
				TARGETED_DEVICE_FAMILY = 3;
				TVOS_DEPLOYMENT_TARGET = 9.0;
			};
			name = Debug;
		};
		C25734991BEC4DE50080B996 /* Release */ = {
			isa = XCBuildConfiguration;
			buildSettings = {
				ALWAYS_SEARCH_USER_PATHS = NO;
				CLANG_CXX_LANGUAGE_STANDARD = "gnu++0x";
				CLANG_CXX_LIBRARY = "libc++";
				CLANG_ENABLE_MODULES = YES;
				CLANG_ENABLE_OBJC_ARC = YES;
				CLANG_WARN_BOOL_CONVERSION = YES;
				CLANG_WARN_CONSTANT_CONVERSION = YES;
				CLANG_WARN_DIRECT_OBJC_ISA_USAGE = YES_ERROR;
				CLANG_WARN_EMPTY_BODY = YES;
				CLANG_WARN_ENUM_CONVERSION = YES;
				CLANG_WARN_INT_CONVERSION = YES;
				CLANG_WARN_OBJC_ROOT_CLASS = YES_ERROR;
				CLANG_WARN_UNREACHABLE_CODE = YES;
				CLANG_WARN__DUPLICATE_METHOD_MATCH = YES;
				COPY_PHASE_STRIP = NO;
				DEBUG_INFORMATION_FORMAT = "dwarf-with-dsym";
				ENABLE_NS_ASSERTIONS = NO;
				ENABLE_STRICT_OBJC_MSGSEND = YES;
				GCC_C_LANGUAGE_STANDARD = gnu99;
				GCC_NO_COMMON_BLOCKS = YES;
				GCC_WARN_64_TO_32_BIT_CONVERSION = YES;
				GCC_WARN_ABOUT_RETURN_TYPE = YES_ERROR;
				GCC_WARN_UNDECLARED_SELECTOR = YES;
				GCC_WARN_UNINITIALIZED_AUTOS = YES_AGGRESSIVE;
				GCC_WARN_UNUSED_FUNCTION = YES;
				GCC_WARN_UNUSED_VARIABLE = YES;
				MTL_ENABLE_DEBUG_INFO = NO;
				SDKROOT = appletvos;
				TARGETED_DEVICE_FAMILY = 3;
				TVOS_DEPLOYMENT_TARGET = 9.0;
				VALIDATE_PRODUCT = YES;
			};
			name = Release;
		};
		C257349B1BEC4DE50080B996 /* Debug */ = {
			isa = XCBuildConfiguration;
			buildSettings = {
				ASSETCATALOG_COMPILER_APPICON_NAME = "App Icon & Top Shelf Image";
				ASSETCATALOG_COMPILER_LAUNCHIMAGE_NAME = LaunchImage;
				CODE_SIGN_IDENTITY = "iPhone Developer";
				"CODE_SIGN_IDENTITY[sdk=appletvos*]" = "iPhone Developer";
				INFOPLIST_FILE = Herschel/Info.plist;
				LD_RUNPATH_SEARCH_PATHS = "@executable_path/Frameworks";
				PRODUCT_BUNDLE_IDENTIFIER = com.atomkirk.Herschel;
				PRODUCT_NAME = Herschel;
				PROVISIONING_PROFILE = "";
			};
			name = Debug;
		};
		C257349C1BEC4DE50080B996 /* Release */ = {
			isa = XCBuildConfiguration;
			buildSettings = {
				ASSETCATALOG_COMPILER_APPICON_NAME = "App Icon & Top Shelf Image";
				ASSETCATALOG_COMPILER_LAUNCHIMAGE_NAME = LaunchImage;
				CODE_SIGN_IDENTITY = "iPhone Developer";
				"CODE_SIGN_IDENTITY[sdk=appletvos*]" = "iPhone Developer";
				INFOPLIST_FILE = Herschel/Info.plist;
				LD_RUNPATH_SEARCH_PATHS = "@executable_path/Frameworks";
				PRODUCT_BUNDLE_IDENTIFIER = com.atomkirk.Herschel;
				PRODUCT_NAME = Herschel;
				PROVISIONING_PROFILE = "";
			};
			name = Release;
		};
		C257349E1BEC4DE50080B996 /* Debug */ = {
			isa = XCBuildConfiguration;
			buildSettings = {
				BUNDLE_LOADER = "$(TEST_HOST)";
				INFOPLIST_FILE = HerschelTests/Info.plist;
				LD_RUNPATH_SEARCH_PATHS = "$(inherited) @executable_path/Frameworks @loader_path/Frameworks";
				PRODUCT_BUNDLE_IDENTIFIER = com.atomkirk.HerschelTests;
				PRODUCT_NAME = Herschel;
				TEST_HOST = "$(BUILT_PRODUCTS_DIR)/Herschel.app/Herschel";
			};
			name = Debug;
		};
		C257349F1BEC4DE50080B996 /* Release */ = {
			isa = XCBuildConfiguration;
			buildSettings = {
				BUNDLE_LOADER = "$(TEST_HOST)";
				INFOPLIST_FILE = HerschelTests/Info.plist;
				LD_RUNPATH_SEARCH_PATHS = "$(inherited) @executable_path/Frameworks @loader_path/Frameworks";
				PRODUCT_BUNDLE_IDENTIFIER = com.atomkirk.HerschelTests;
				PRODUCT_NAME = Herschel;
				TEST_HOST = "$(BUILT_PRODUCTS_DIR)/Herschel.app/Herschel";
			};
			name = Release;
		};
		C25734A11BEC4DE50080B996 /* Debug */ = {
			isa = XCBuildConfiguration;
			buildSettings = {
				INFOPLIST_FILE = HerschelUITests/Info.plist;
				LD_RUNPATH_SEARCH_PATHS = "$(inherited) @executable_path/Frameworks @loader_path/Frameworks";
				PRODUCT_BUNDLE_IDENTIFIER = com.atomkirk.HerschelUITests;
				PRODUCT_NAME = Herschel;
				TEST_TARGET_NAME = Herschel;
				USES_XCTRUNNER = YES;
			};
			name = Debug;
		};
		C25734A21BEC4DE50080B996 /* Release */ = {
			isa = XCBuildConfiguration;
			buildSettings = {
				INFOPLIST_FILE = HerschelUITests/Info.plist;
				LD_RUNPATH_SEARCH_PATHS = "$(inherited) @executable_path/Frameworks @loader_path/Frameworks";
				PRODUCT_BUNDLE_IDENTIFIER = com.atomkirk.HerschelUITests;
				PRODUCT_NAME = Herschel;
				TEST_TARGET_NAME = Herschel;
				USES_XCTRUNNER = YES;
			};
			name = Release;
		};
/* End XCBuildConfiguration section */

/* Begin XCConfigurationList section */
		C25734701BEC4DE50080B996 /* Build configuration list for PBXProject "Herschel" */ = {
			isa = XCConfigurationList;
			buildConfigurations = (
				C25734981BEC4DE50080B996 /* Debug */,
				C25734991BEC4DE50080B996 /* Release */,
			);
			defaultConfigurationIsVisible = 0;
			defaultConfigurationName = Release;
		};
		C257349A1BEC4DE50080B996 /* Build configuration list for PBXNativeTarget "Herschel" */ = {
			isa = XCConfigurationList;
			buildConfigurations = (
				C257349B1BEC4DE50080B996 /* Debug */,
				C257349C1BEC4DE50080B996 /* Release */,
			);
			defaultConfigurationIsVisible = 0;
			defaultConfigurationName = Release;
		};
		C257349D1BEC4DE50080B996 /* Build configuration list for PBXNativeTarget "HerschelTests" */ = {
			isa = XCConfigurationList;
			buildConfigurations = (
				C257349E1BEC4DE50080B996 /* Debug */,
				C257349F1BEC4DE50080B996 /* Release */,
			);
			defaultConfigurationIsVisible = 0;
			defaultConfigurationName = Release;
		};
		C25734A01BEC4DE50080B996 /* Build configuration list for PBXNativeTarget "HerschelUITests" */ = {
			isa = XCConfigurationList;
			buildConfigurations = (
				C25734A11BEC4DE50080B996 /* Debug */,
				C25734A21BEC4DE50080B996 /* Release */,
			);
			defaultConfigurationIsVisible = 0;
			defaultConfigurationName = Release;
		};
/* End XCConfigurationList section */
	};
	rootObject = C257346D1BEC4DE50080B996 /* Project object */;
}
